// !$*UTF8*$!
{
	archiveVersion = 1;
	classes = {
	};
	objectVersion = 56;
	objects = {

/* Begin PBXBuildFile section */
		6FC1F9312A91E14100401F31 /* AppDelegate.swift in Sources */ = {isa = PBXBuildFile; fileRef = 6FC1F9302A91E14100401F31 /* AppDelegate.swift */; };
		6FC1F9332A91E14100401F31 /* SceneDelegate.swift in Sources */ = {isa = PBXBuildFile; fileRef = 6FC1F9322A91E14100401F31 /* SceneDelegate.swift */; };
		6FC1F9352A91E14100401F31 /* ViewController.swift in Sources */ = {isa = PBXBuildFile; fileRef = 6FC1F9342A91E14100401F31 /* ViewController.swift */; };
		6FC1F9382A91E14100401F31 /* Main.storyboard in Resources */ = {isa = PBXBuildFile; fileRef = 6FC1F9362A91E14100401F31 /* Main.storyboard */; };
		6FC1F93A2A91E14200401F31 /* Assets.xcassets in Resources */ = {isa = PBXBuildFile; fileRef = 6FC1F9392A91E14200401F31 /* Assets.xcassets */; };
		6FC1F93D2A91E14200401F31 /* LaunchScreen.storyboard in Resources */ = {isa = PBXBuildFile; fileRef = 6FC1F93B2A91E14200401F31 /* LaunchScreen.storyboard */; };
		6FC1F9482A91E80700401F31 /* Localizable.strings in Resources */ = {isa = PBXBuildFile; fileRef = 6FC1F94A2A91E80700401F31 /* Localizable.strings */; };
		6FC1F94F2A91EA3D00401F31 /* Extensions.swift in Sources */ = {isa = PBXBuildFile; fileRef = 6FC1F94E2A91EA3D00401F31 /* Extensions.swift */; };
/* End PBXBuildFile section */

/* Begin PBXFileReference section */
		6FC1F92D2A91E14100401F31 /* MultiLang.app */ = {isa = PBXFileReference; explicitFileType = wrapper.application; includeInIndex = 0; path = MultiLang.app; sourceTree = BUILT_PRODUCTS_DIR; };
		6FC1F9302A91E14100401F31 /* AppDelegate.swift */ = {isa = PBXFileReference; lastKnownFileType = sourcecode.swift; path = AppDelegate.swift; sourceTree = "<group>"; };
		6FC1F9322A91E14100401F31 /* SceneDelegate.swift */ = {isa = PBXFileReference; lastKnownFileType = sourcecode.swift; path = SceneDelegate.swift; sourceTree = "<group>"; };
		6FC1F9342A91E14100401F31 /* ViewController.swift */ = {isa = PBXFileReference; lastKnownFileType = sourcecode.swift; path = ViewController.swift; sourceTree = "<group>"; };
		6FC1F9372A91E14100401F31 /* Base */ = {isa = PBXFileReference; lastKnownFileType = file.storyboard; name = Base; path = Base.lproj/Main.storyboard; sourceTree = "<group>"; };
		6FC1F9392A91E14200401F31 /* Assets.xcassets */ = {isa = PBXFileReference; lastKnownFileType = folder.assetcatalog; path = Assets.xcassets; sourceTree = "<group>"; };
		6FC1F93C2A91E14200401F31 /* Base */ = {isa = PBXFileReference; lastKnownFileType = file.storyboard; name = Base; path = Base.lproj/LaunchScreen.storyboard; sourceTree = "<group>"; };
		6FC1F93E2A91E14200401F31 /* Info.plist */ = {isa = PBXFileReference; lastKnownFileType = text.plist.xml; path = Info.plist; sourceTree = "<group>"; };
		6FC1F9492A91E80700401F31 /* en */ = {isa = PBXFileReference; lastKnownFileType = text.plist.strings; name = en; path = en.lproj/Localizable.strings; sourceTree = "<group>"; };
		6FC1F94B2A91E8D200401F31 /* hi */ = {isa = PBXFileReference; lastKnownFileType = text.plist.strings; name = hi; path = hi.lproj/Main.strings; sourceTree = "<group>"; };
		6FC1F94C2A91E8D200401F31 /* hi */ = {isa = PBXFileReference; lastKnownFileType = text.plist.strings; name = hi; path = hi.lproj/LaunchScreen.strings; sourceTree = "<group>"; };
		6FC1F94D2A91E8D200401F31 /* hi */ = {isa = PBXFileReference; lastKnownFileType = text.plist.strings; name = hi; path = hi.lproj/Localizable.strings; sourceTree = "<group>"; };
		6FC1F94E2A91EA3D00401F31 /* Extensions.swift */ = {isa = PBXFileReference; lastKnownFileType = sourcecode.swift; path = Extensions.swift; sourceTree = "<group>"; };
		6FC1F9502A91EC0E00401F31 /* gu */ = {isa = PBXFileReference; lastKnownFileType = text.plist.strings; name = gu; path = gu.lproj/Main.strings; sourceTree = "<group>"; };
		6FC1F9512A91EC0E00401F31 /* gu */ = {isa = PBXFileReference; lastKnownFileType = text.plist.strings; name = gu; path = gu.lproj/LaunchScreen.strings; sourceTree = "<group>"; };
		6FC1F9522A91EC0E00401F31 /* gu */ = {isa = PBXFileReference; lastKnownFileType = text.plist.strings; name = gu; path = gu.lproj/Localizable.strings; sourceTree = "<group>"; };
		6FC1F9532A91EC4E00401F31 /* mr */ = {isa = PBXFileReference; lastKnownFileType = text.plist.strings; name = mr; path = mr.lproj/Main.strings; sourceTree = "<group>"; };
		6FC1F9542A91EC4E00401F31 /* mr */ = {isa = PBXFileReference; lastKnownFileType = text.plist.strings; name = mr; path = mr.lproj/LaunchScreen.strings; sourceTree = "<group>"; };
		6FC1F9552A91EC4E00401F31 /* mr */ = {isa = PBXFileReference; lastKnownFileType = text.plist.strings; name = mr; path = mr.lproj/Localizable.strings; sourceTree = "<group>"; };
		6FC1F9562A91ECDA00401F31 /* bn */ = {isa = PBXFileReference; lastKnownFileType = text.plist.strings; name = bn; path = bn.lproj/Main.strings; sourceTree = "<group>"; };
		6FC1F9572A91ECDA00401F31 /* bn */ = {isa = PBXFileReference; lastKnownFileType = text.plist.strings; name = bn; path = bn.lproj/LaunchScreen.strings; sourceTree = "<group>"; };
		6FC1F9582A91ECDA00401F31 /* bn */ = {isa = PBXFileReference; lastKnownFileType = text.plist.strings; name = bn; path = bn.lproj/Localizable.strings; sourceTree = "<group>"; };
		6FC1F9592A91ED2B00401F31 /* ta */ = {isa = PBXFileReference; lastKnownFileType = text.plist.strings; name = ta; path = ta.lproj/Main.strings; sourceTree = "<group>"; };
		6FC1F95A2A91ED2B00401F31 /* ta */ = {isa = PBXFileReference; lastKnownFileType = text.plist.strings; name = ta; path = ta.lproj/LaunchScreen.strings; sourceTree = "<group>"; };
		6FC1F95B2A91ED2B00401F31 /* ta */ = {isa = PBXFileReference; lastKnownFileType = text.plist.strings; name = ta; path = ta.lproj/Localizable.strings; sourceTree = "<group>"; };
/* End PBXFileReference section */

/* Begin PBXFrameworksBuildPhase section */
		6FC1F92A2A91E14100401F31 /* Frameworks */ = {
			isa = PBXFrameworksBuildPhase;
			buildActionMask = 2147483647;
			files = (
			);
			runOnlyForDeploymentPostprocessing = 0;
		};
/* End PBXFrameworksBuildPhase section */

/* Begin PBXGroup section */
		6FC1F9242A91E14100401F31 = {
			isa = PBXGroup;
			children = (
				6FC1F92F2A91E14100401F31 /* MultiLang */,
				6FC1F92E2A91E14100401F31 /* Products */,
			);
			sourceTree = "<group>";
		};
		6FC1F92E2A91E14100401F31 /* Products */ = {
			isa = PBXGroup;
			children = (
				6FC1F92D2A91E14100401F31 /* MultiLang.app */,
			);
			name = Products;
			sourceTree = "<group>";
		};
		6FC1F92F2A91E14100401F31 /* MultiLang */ = {
			isa = PBXGroup;
			children = (
				6FC1F9302A91E14100401F31 /* AppDelegate.swift */,
				6FC1F9322A91E14100401F31 /* SceneDelegate.swift */,
				6FC1F95F2A91FAF700401F31 /* ViewControllers */,
				6FC1F9602A91FB0200401F31 /* Extensions */,
				6FC1F94A2A91E80700401F31 /* Localizable.strings */,
				6FC1F9362A91E14100401F31 /* Main.storyboard */,
				6FC1F9392A91E14200401F31 /* Assets.xcassets */,
				6FC1F93B2A91E14200401F31 /* LaunchScreen.storyboard */,
				6FC1F93E2A91E14200401F31 /* Info.plist */,
			);
			path = MultiLang;
			sourceTree = "<group>";
		};
		6FC1F95F2A91FAF700401F31 /* ViewControllers */ = {
			isa = PBXGroup;
			children = (
				6FC1F9342A91E14100401F31 /* ViewController.swift */,
			);
			path = ViewControllers;
			sourceTree = "<group>";
		};
		6FC1F9602A91FB0200401F31 /* Extensions */ = {
			isa = PBXGroup;
			children = (
				6FC1F94E2A91EA3D00401F31 /* Extensions.swift */,
			);
			path = Extensions;
			sourceTree = "<group>";
		};
/* End PBXGroup section */

/* Begin PBXNativeTarget section */
		6FC1F92C2A91E14100401F31 /* MultiLang */ = {
			isa = PBXNativeTarget;
			buildConfigurationList = 6FC1F9412A91E14200401F31 /* Build configuration list for PBXNativeTarget "MultiLang" */;
			buildPhases = (
				6FC1F9292A91E14100401F31 /* Sources */,
				6FC1F92A2A91E14100401F31 /* Frameworks */,
				6FC1F92B2A91E14100401F31 /* Resources */,
			);
			buildRules = (
			);
			dependencies = (
			);
			name = MultiLang;
			productName = MultiLang;
			productReference = 6FC1F92D2A91E14100401F31 /* MultiLang.app */;
			productType = "com.apple.product-type.application";
		};
/* End PBXNativeTarget section */

/* Begin PBXProject section */
		6FC1F9252A91E14100401F31 /* Project object */ = {
			isa = PBXProject;
			attributes = {
				BuildIndependentTargetsInParallel = 1;
				LastSwiftUpdateCheck = 1430;
				LastUpgradeCheck = 1430;
				TargetAttributes = {
					6FC1F92C2A91E14100401F31 = {
						CreatedOnToolsVersion = 14.3;
					};
				};
			};
			buildConfigurationList = 6FC1F9282A91E14100401F31 /* Build configuration list for PBXProject "MultiLang" */;
			compatibilityVersion = "Xcode 14.0";
			developmentRegion = en;
			hasScannedForEncodings = 0;
			knownRegions = (
				en,
				Base,
				hi,
				gu,
				mr,
				bn,
				ta,
			);
			mainGroup = 6FC1F9242A91E14100401F31;
			productRefGroup = 6FC1F92E2A91E14100401F31 /* Products */;
			projectDirPath = "";
			projectRoot = "";
			targets = (
				6FC1F92C2A91E14100401F31 /* MultiLang */,
			);
		};
/* End PBXProject section */

/* Begin PBXResourcesBuildPhase section */
		6FC1F92B2A91E14100401F31 /* Resources */ = {
			isa = PBXResourcesBuildPhase;
			buildActionMask = 2147483647;
			files = (
				6FC1F93D2A91E14200401F31 /* LaunchScreen.storyboard in Resources */,
				6FC1F9482A91E80700401F31 /* Localizable.strings in Resources */,
				6FC1F93A2A91E14200401F31 /* Assets.xcassets in Resources */,
				6FC1F9382A91E14100401F31 /* Main.storyboard in Resources */,
			);
			runOnlyForDeploymentPostprocessing = 0;
		};
/* End PBXResourcesBuildPhase section */

/* Begin PBXSourcesBuildPhase section */
		6FC1F9292A91E14100401F31 /* Sources */ = {
			isa = PBXSourcesBuildPhase;
			buildActionMask = 2147483647;
			files = (
				6FC1F9352A91E14100401F31 /* ViewController.swift in Sources */,
				6FC1F9312A91E14100401F31 /* AppDelegate.swift in Sources */,
				6FC1F9332A91E14100401F31 /* SceneDelegate.swift in Sources */,
				6FC1F94F2A91EA3D00401F31 /* Extensions.swift in Sources */,
			);
			runOnlyForDeploymentPostprocessing = 0;
		};
/* End PBXSourcesBuildPhase section */

/* Begin PBXVariantGroup section */
		6FC1F9362A91E14100401F31 /* Main.storyboard */ = {
			isa = PBXVariantGroup;
			children = (
				6FC1F9372A91E14100401F31 /* Base */,
				6FC1F94B2A91E8D200401F31 /* hi */,
				6FC1F9502A91EC0E00401F31 /* gu */,
				6FC1F9532A91EC4E00401F31 /* mr */,
				6FC1F9562A91ECDA00401F31 /* bn */,
				6FC1F9592A91ED2B00401F31 /* ta */,
			);
			name = Main.storyboard;
			sourceTree = "<group>";
		};
		6FC1F93B2A91E14200401F31 /* LaunchScreen.storyboard */ = {
			isa = PBXVariantGroup;
			children = (
				6FC1F93C2A91E14200401F31 /* Base */,
				6FC1F94C2A91E8D200401F31 /* hi */,
				6FC1F9512A91EC0E00401F31 /* gu */,
				6FC1F9542A91EC4E00401F31 /* mr */,
				6FC1F9572A91ECDA00401F31 /* bn */,
				6FC1F95A2A91ED2B00401F31 /* ta */,
			);
			name = LaunchScreen.storyboard;
			sourceTree = "<group>";
		};
		6FC1F94A2A91E80700401F31 /* Localizable.strings */ = {
			isa = PBXVariantGroup;
			children = (
				6FC1F9492A91E80700401F31 /* en */,
				6FC1F94D2A91E8D200401F31 /* hi */,
				6FC1F9522A91EC0E00401F31 /* gu */,
				6FC1F9552A91EC4E00401F31 /* mr */,
				6FC1F9582A91ECDA00401F31 /* bn */,
				6FC1F95B2A91ED2B00401F31 /* ta */,
			);
			name = Localizable.strings;
			sourceTree = "<group>";
		};
/* End PBXVariantGroup section */

/* Begin XCBuildConfiguration section */
		6FC1F93F2A91E14200401F31 /* Debug */ = {
			isa = XCBuildConfiguration;
			buildSettings = {
				ALWAYS_SEARCH_USER_PATHS = NO;
				CLANG_ANALYZER_LOCALIZABILITY_NONLOCALIZED = YES;
				CLANG_ANALYZER_NONNULL = YES;
				CLANG_ANALYZER_NUMBER_OBJECT_CONVERSION = YES_AGGRESSIVE;
				CLANG_CXX_LANGUAGE_STANDARD = "gnu++20";
				CLANG_ENABLE_MODULES = YES;
				CLANG_ENABLE_OBJC_ARC = YES;
				CLANG_ENABLE_OBJC_WEAK = YES;
				CLANG_WARN_BLOCK_CAPTURE_AUTORELEASING = YES;
				CLANG_WARN_BOOL_CONVERSION = YES;
				CLANG_WARN_COMMA = YES;
				CLANG_WARN_CONSTANT_CONVERSION = YES;
				CLANG_WARN_DEPRECATED_OBJC_IMPLEMENTATIONS = YES;
				CLANG_WARN_DIRECT_OBJC_ISA_USAGE = YES_ERROR;
				CLANG_WARN_DOCUMENTATION_COMMENTS = YES;
				CLANG_WARN_EMPTY_BODY = YES;
				CLANG_WARN_ENUM_CONVERSION = YES;
				CLANG_WARN_INFINITE_RECURSION = YES;
				CLANG_WARN_INT_CONVERSION = YES;
				CLANG_WARN_NON_LITERAL_NULL_CONVERSION = YES;
				CLANG_WARN_OBJC_IMPLICIT_RETAIN_SELF = YES;
				CLANG_WARN_OBJC_LITERAL_CONVERSION = YES;
				CLANG_WARN_OBJC_ROOT_CLASS = YES_ERROR;
				CLANG_WARN_QUOTED_INCLUDE_IN_FRAMEWORK_HEADER = YES;
				CLANG_WARN_RANGE_LOOP_ANALYSIS = YES;
				CLANG_WARN_STRICT_PROTOTYPES = YES;
				CLANG_WARN_SUSPICIOUS_MOVE = YES;
				CLANG_WARN_UNGUARDED_AVAILABILITY = YES_AGGRESSIVE;
				CLANG_WARN_UNREACHABLE_CODE = YES;
				CLANG_WARN__DUPLICATE_METHOD_MATCH = YES;
				COPY_PHASE_STRIP = NO;
				DEBUG_INFORMATION_FORMAT = dwarf;
				ENABLE_STRICT_OBJC_MSGSEND = YES;
				ENABLE_TESTABILITY = YES;
				GCC_C_LANGUAGE_STANDARD = gnu11;
				GCC_DYNAMIC_NO_PIC = NO;
				GCC_NO_COMMON_BLOCKS = YES;
				GCC_OPTIMIZATION_LEVEL = 0;
				GCC_PREPROCESSOR_DEFINITIONS = (
					"DEBUG=1",
					"$(inherited)",
				);
				GCC_WARN_64_TO_32_BIT_CONVERSION = YES;
				GCC_WARN_ABOUT_RETURN_TYPE = YES_ERROR;
				GCC_WARN_UNDECLARED_SELECTOR = YES;
				GCC_WARN_UNINITIALIZED_AUTOS = YES_AGGRESSIVE;
				GCC_WARN_UNUSED_FUNCTION = YES;
				GCC_WARN_UNUSED_VARIABLE = YES;
				IPHONEOS_DEPLOYMENT_TARGET = 16.4;
				MTL_ENABLE_DEBUG_INFO = INCLUDE_SOURCE;
				MTL_FAST_MATH = YES;
				ONLY_ACTIVE_ARCH = YES;
				SDKROOT = iphoneos;
				SWIFT_ACTIVE_COMPILATION_CONDITIONS = DEBUG;
				SWIFT_OPTIMIZATION_LEVEL = "-Onone";
			};
			name = Debug;
		};
		6FC1F9402A91E14200401F31 /* Release */ = {
			isa = XCBuildConfiguration;
			buildSettings = {
				ALWAYS_SEARCH_USER_PATHS = NO;
				CLANG_ANALYZER_LOCALIZABILITY_NONLOCALIZED = YES;
				CLANG_ANALYZER_NONNULL = YES;
				CLANG_ANALYZER_NUMBER_OBJECT_CONVERSION = YES_AGGRESSIVE;
				CLANG_CXX_LANGUAGE_STANDARD = "gnu++20";
				CLANG_ENABLE_MODULES = YES;
				CLANG_ENABLE_OBJC_ARC = YES;
				CLANG_ENABLE_OBJC_WEAK = YES;
				CLANG_WARN_BLOCK_CAPTURE_AUTORELEASING = YES;
				CLANG_WARN_BOOL_CONVERSION = YES;
				CLANG_WARN_COMMA = YES;
				CLANG_WARN_CONSTANT_CONVERSION = YES;
				CLANG_WARN_DEPRECATED_OBJC_IMPLEMENTATIONS = YES;
				CLANG_WARN_DIRECT_OBJC_ISA_USAGE = YES_ERROR;
				CLANG_WARN_DOCUMENTATION_COMMENTS = YES;
				CLANG_WARN_EMPTY_BODY = YES;
				CLANG_WARN_ENUM_CONVERSION = YES;
				CLANG_WARN_INFINITE_RECURSION = YES;
				CLANG_WARN_INT_CONVERSION = YES;
				CLANG_WARN_NON_LITERAL_NULL_CONVERSION = YES;
				CLANG_WARN_OBJC_IMPLICIT_RETAIN_SELF = YES;
				CLANG_WARN_OBJC_LITERAL_CONVERSION = YES;
				CLANG_WARN_OBJC_ROOT_CLASS = YES_ERROR;
				CLANG_WARN_QUOTED_INCLUDE_IN_FRAMEWORK_HEADER = YES;
				CLANG_WARN_RANGE_LOOP_ANALYSIS = YES;
				CLANG_WARN_STRICT_PROTOTYPES = YES;
				CLANG_WARN_SUSPICIOUS_MOVE = YES;
				CLANG_WARN_UNGUARDED_AVAILABILITY = YES_AGGRESSIVE;
				CLANG_WARN_UNREACHABLE_CODE = YES;
				CLANG_WARN__DUPLICATE_METHOD_MATCH = YES;
				COPY_PHASE_STRIP = NO;
				DEBUG_INFORMATION_FORMAT = "dwarf-with-dsym";
				ENABLE_NS_ASSERTIONS = NO;
				ENABLE_STRICT_OBJC_MSGSEND = YES;
				GCC_C_LANGUAGE_STANDARD = gnu11;
				GCC_NO_COMMON_BLOCKS = YES;
				GCC_WARN_64_TO_32_BIT_CONVERSION = YES;
				GCC_WARN_ABOUT_RETURN_TYPE = YES_ERROR;
				GCC_WARN_UNDECLARED_SELECTOR = YES;
				GCC_WARN_UNINITIALIZED_AUTOS = YES_AGGRESSIVE;
				GCC_WARN_UNUSED_FUNCTION = YES;
				GCC_WARN_UNUSED_VARIABLE = YES;
				IPHONEOS_DEPLOYMENT_TARGET = 16.4;
				MTL_ENABLE_DEBUG_INFO = NO;
				MTL_FAST_MATH = YES;
				SDKROOT = iphoneos;
				SWIFT_COMPILATION_MODE = wholemodule;
				SWIFT_OPTIMIZATION_LEVEL = "-O";
				VALIDATE_PRODUCT = YES;
			};
			name = Release;
		};
		6FC1F9422A91E14200401F31 /* Debug */ = {
			isa = XCBuildConfiguration;
			buildSettings = {
				ASSETCATALOG_COMPILER_APPICON_NAME = AppIcon;
				ASSETCATALOG_COMPILER_GLOBAL_ACCENT_COLOR_NAME = AccentColor;
				CODE_SIGN_STYLE = Automatic;
				CURRENT_PROJECT_VERSION = 1;
				GENERATE_INFOPLIST_FILE = YES;
				INFOPLIST_FILE = MultiLang/Info.plist;
				INFOPLIST_KEY_NSLocationAlwaysAndWhenInUseUsageDescription = "$(PRODUCT_NAME) Used Your Location for State & City";
				INFOPLIST_KEY_NSLocationAlwaysUsageDescription = "$(PRODUCT_NAME) Used Your Location for attandence data storing";
				INFOPLIST_KEY_NSLocationWhenInUseUsageDescription = "$(PRODUCT_NAME) Used Your Location for attandence data storing";
				INFOPLIST_KEY_UIApplicationSupportsIndirectInputEvents = YES;
				INFOPLIST_KEY_UILaunchStoryboardName = LaunchScreen;
				INFOPLIST_KEY_UIMainStoryboardFile = Main;
				INFOPLIST_KEY_UISupportedInterfaceOrientations_iPad = "UIInterfaceOrientationPortrait UIInterfaceOrientationPortraitUpsideDown UIInterfaceOrientationLandscapeLeft UIInterfaceOrientationLandscapeRight";
				INFOPLIST_KEY_UISupportedInterfaceOrientations_iPhone = "UIInterfaceOrientationPortrait UIInterfaceOrientationLandscapeLeft UIInterfaceOrientationLandscapeRight";
				LD_RUNPATH_SEARCH_PATHS = (
					"$(inherited)",
					"@executable_path/Frameworks",
				);
				MARKETING_VERSION = 1.0;
				PRODUCT_BUNDLE_IDENTIFIER = com.test.MultiLang;
				PRODUCT_NAME = "$(TARGET_NAME)";
				SWIFT_EMIT_LOC_STRINGS = YES;
				SWIFT_VERSION = 5.0;
				TARGETED_DEVICE_FAMILY = "1,2";
			};
			name = Debug;
		};
		6FC1F9432A91E14200401F31 /* Release */ = {
			isa = XCBuildConfiguration;
			buildSettings = {
				ASSETCATALOG_COMPILER_APPICON_NAME = AppIcon;
				ASSETCATALOG_COMPILER_GLOBAL_ACCENT_COLOR_NAME = AccentColor;
				CODE_SIGN_STYLE = Automatic;
				CURRENT_PROJECT_VERSION = 1;
				GENERATE_INFOPLIST_FILE = YES;
				INFOPLIST_FILE = MultiLang/Info.plist;
				INFOPLIST_KEY_NSLocationAlwaysAndWhenInUseUsageDescription = "$(PRODUCT_NAME) Used Your Location for State & City";
				INFOPLIST_KEY_NSLocationAlwaysUsageDescription = "$(PRODUCT_NAME) Used Your Location for attandence data storing";
				INFOPLIST_KEY_NSLocationWhenInUseUsageDescription = "$(PRODUCT_NAME) Used Your Location for attandence data storing";
				INFOPLIST_KEY_UIApplicationSupportsIndirectInputEvents = YES;
				INFOPLIST_KEY_UILaunchStoryboardName = LaunchScreen;
				INFOPLIST_KEY_UIMainStoryboardFile = Main;
				INFOPLIST_KEY_UISupportedInterfaceOrientations_iPad = "UIInterfaceOrientationPortrait UIInterfaceOrientationPortraitUpsideDown UIInterfaceOrientationLandscapeLeft UIInterfaceOrientationLandscapeRight";
				INFOPLIST_KEY_UISupportedInterfaceOrientations_iPhone = "UIInterfaceOrientationPortrait UIInterfaceOrientationLandscapeLeft UIInterfaceOrientationLandscapeRight";
				LD_RUNPATH_SEARCH_PATHS = (
					"$(inherited)",
					"@executable_path/Frameworks",
				);
				MARKETING_VERSION = 1.0;
				PRODUCT_BUNDLE_IDENTIFIER = com.test.MultiLang;
				PRODUCT_NAME = "$(TARGET_NAME)";
				SWIFT_EMIT_LOC_STRINGS = YES;
				SWIFT_VERSION = 5.0;
				TARGETED_DEVICE_FAMILY = "1,2";
			};
			name = Release;
		};
/* End XCBuildConfiguration section */

/* Begin XCConfigurationList section */
		6FC1F9282A91E14100401F31 /* Build configuration list for PBXProject "MultiLang" */ = {
			isa = XCConfigurationList;
			buildConfigurations = (
				6FC1F93F2A91E14200401F31 /* Debug */,
				6FC1F9402A91E14200401F31 /* Release */,
			);
			defaultConfigurationIsVisible = 0;
			defaultConfigurationName = Release;
		};
		6FC1F9412A91E14200401F31 /* Build configuration list for PBXNativeTarget "MultiLang" */ = {
			isa = XCConfigurationList;
			buildConfigurations = (
				6FC1F9422A91E14200401F31 /* Debug */,
				6FC1F9432A91E14200401F31 /* Release */,
			);
			defaultConfigurationIsVisible = 0;
			defaultConfigurationName = Release;
		};
/* End XCConfigurationList section */
	};
	rootObject = 6FC1F9252A91E14100401F31 /* Project object */;
}
